
Microsoft Visual Studio Solution File, Format Version 12.00
# Visual Studio Version 17
VisualStudioVersion = 17.12.35527.113 d17.12
MinimumVisualStudioVersion = 10.0.40219.1
Project("{FAE04EC0-301F-11D3-BF4B-00C04F79EFBC}") = "IfElseNesting", "IfElseNesting\IfElseNesting.csproj", "{AF5DBE39-4B52-40C6-BBCF-17D9113658E3}"
EndProject
Global
	GlobalSection(SolutionConfigurationPlatforms) = preSolution
		Debug|Any CPU = Debug|Any CPU
		Release|Any CPU = Release|Any CPU
	EndGlobalSection
	GlobalSection(ProjectConfigurationPlatforms) = postSolution
		{AF5DBE39-4B52-40C6-BBCF-17D9113658E3}.Debug|Any CPU.ActiveCfg = Debug|Any CPU
		{AF5DBE39-4B52-40C6-BBCF-17D9113658E3}.Debug|Any CPU.Build.0 = Debug|Any CPU
		{AF5DBE39-4B52-40C6-BBCF-17D9113658E3}.Release|Any CPU.ActiveCfg = Release|Any CPU
		{AF5DBE39-4B52-40C6-BBCF-17D9113658E3}.Release|Any CPU.Build.0 = Release|Any CPU
	EndGlobalSection
	GlobalSection(SolutionProperties) = preSolution
		HideSolutionNode = FALSE
	EndGlobalSection
EndGlobal
