
Microsoft Visual Studio Solution File, Format Version 12.00
# Visual Studio Version 17
VisualStudioVersion = 17.12.35527.113 d17.12
MinimumVisualStudioVersion = 10.0.40219.1
Project("{FAE04EC0-301F-11D3-BF4B-00C04F79EFBC}") = "SwitchDayOfWeek", "SwitchDayOfWeek\SwitchDayOfWeek.csproj", "{C9E3F05A-C58C-4AA5-ABA2-D1A2F2FD6E2A}"
EndProject
Global
	GlobalSection(SolutionConfigurationPlatforms) = preSolution
		Debug|Any CPU = Debug|Any CPU
		Release|Any CPU = Release|Any CPU
	EndGlobalSection
	GlobalSection(ProjectConfigurationPlatforms) = postSolution
		{C9E3F05A-C58C-4AA5-ABA2-D1A2F2FD6E2A}.Debug|Any CPU.ActiveCfg = Debug|Any CPU
		{C9E3F05A-C58C-4AA5-ABA2-D1A2F2FD6E2A}.Debug|Any CPU.Build.0 = Debug|Any CPU
		{C9E3F05A-C58C-4AA5-ABA2-D1A2F2FD6E2A}.Release|Any CPU.ActiveCfg = Release|Any CPU
		{C9E3F05A-C58C-4AA5-ABA2-D1A2F2FD6E2A}.Release|Any CPU.Build.0 = Release|Any CPU
	EndGlobalSection
	GlobalSection(SolutionProperties) = preSolution
		HideSolutionNode = FALSE
	EndGlobalSection
EndGlobal
