
Microsoft Visual Studio Solution File, Format Version 12.00
# Visual Studio Version 17
VisualStudioVersion = 17.12.35707.178 d17.12
MinimumVisualStudioVersion = 10.0.40219.1
Project("{FAE04EC0-301F-11D3-BF4B-00C04F79EFBC}") = "ForNesting", "ForNesting\ForNesting.csproj", "{D191FA3F-1272-44C8-B2C3-190ABB4FAE75}"
EndProject
Global
	GlobalSection(SolutionConfigurationPlatforms) = preSolution
		Debug|Any CPU = Debug|Any CPU
		Release|Any CPU = Release|Any CPU
	EndGlobalSection
	GlobalSection(ProjectConfigurationPlatforms) = postSolution
		{D191FA3F-1272-44C8-B2C3-190ABB4FAE75}.Debug|Any CPU.ActiveCfg = Debug|Any CPU
		{D191FA3F-1272-44C8-B2C3-190ABB4FAE75}.Debug|Any CPU.Build.0 = Debug|Any CPU
		{D191FA3F-1272-44C8-B2C3-190ABB4FAE75}.Release|Any CPU.ActiveCfg = Release|Any CPU
		{D191FA3F-1272-44C8-B2C3-190ABB4FAE75}.Release|Any CPU.Build.0 = Release|Any CPU
	EndGlobalSection
	GlobalSection(SolutionProperties) = preSolution
		HideSolutionNode = FALSE
	EndGlobalSection
EndGlobal
