
Microsoft Visual Studio Solution File, Format Version 12.00
# Visual Studio Version 17
VisualStudioVersion = 17.12.35527.113 d17.12
MinimumVisualStudioVersion = 10.0.40219.1
Project("{FAE04EC0-301F-11D3-BF4B-00C04F79EFBC}") = "AroundWorld", "AroundWorld\AroundWorld.csproj", "{92C91332-38F8-437C-BE42-ACDB5A00556D}"
EndProject
Global
	GlobalSection(SolutionConfigurationPlatforms) = preSolution
		Debug|Any CPU = Debug|Any CPU
		Release|Any CPU = Release|Any CPU
	EndGlobalSection
	GlobalSection(ProjectConfigurationPlatforms) = postSolution
		{92C91332-38F8-437C-BE42-ACDB5A00556D}.Debug|Any CPU.ActiveCfg = Debug|Any CPU
		{92C91332-38F8-437C-BE42-ACDB5A00556D}.Debug|Any CPU.Build.0 = Debug|Any CPU
		{92C91332-38F8-437C-BE42-ACDB5A00556D}.Release|Any CPU.ActiveCfg = Release|Any CPU
		{92C91332-38F8-437C-BE42-ACDB5A00556D}.Release|Any CPU.Build.0 = Release|Any CPU
	EndGlobalSection
	GlobalSection(SolutionProperties) = preSolution
		HideSolutionNode = FALSE
	EndGlobalSection
EndGlobal
